
Microsoft Visual Studio Solution File, Format Version 12.00
# Visual Studio Version 17
VisualStudioVersion = 17.5.33530.505
MinimumVisualStudioVersion = 10.0.40219.1
Project("{9A19103F-16F7-4668-BE54-9A1E7A4F7556}") = "benchmarks", "benchmarks.csproj", "{FCFCF13F-91C6-4626-B0CB-9985A670FE71}"
EndProject
Project("{9A19103F-16F7-4668-BE54-9A1E7A4F7556}") = "dotgraph", "..\src\dotgraph.csproj", "{6B333B9A-4D88-4108-8B0D-A6B4C638FD46}"
EndProject
Project("{9A19103F-16F7-4668-BE54-9A1E7A4F7556}") = "dotgraphTest", "..\test\dotgraphTest.csproj", "{3B8E45D3-D3C7-4307-BC7F-CCC409928B49}"
EndProject
Global
	GlobalSection(SolutionConfigurationPlatforms) = preSolution
		Debug|Any CPU = Debug|Any CPU
		Release|Any CPU = Release|Any CPU
	EndGlobalSection
	GlobalSection(ProjectConfigurationPlatforms) = postSolution
		{FCFCF13F-91C6-4626-B0CB-9985A670FE71}.Debug|Any CPU.ActiveCfg = Debug|Any CPU
		{FCFCF13F-91C6-4626-B0CB-9985A670FE71}.Debug|Any CPU.Build.0 = Debug|Any CPU
		{FCFCF13F-91C6-4626-B0CB-9985A670FE71}.Release|Any CPU.ActiveCfg = Release|Any CPU
		{FCFCF13F-91C6-4626-B0CB-9985A670FE71}.Release|Any CPU.Build.0 = Release|Any CPU
		{6B333B9A-4D88-4108-8B0D-A6B4C638FD46}.Debug|Any CPU.ActiveCfg = Debug|Any CPU
		{6B333B9A-4D88-4108-8B0D-A6B4C638FD46}.Debug|Any CPU.Build.0 = Debug|Any CPU
		{6B333B9A-4D88-4108-8B0D-A6B4C638FD46}.Release|Any CPU.ActiveCfg = Release|Any CPU
		{6B333B9A-4D88-4108-8B0D-A6B4C638FD46}.Release|Any CPU.Build.0 = Release|Any CPU
		{3B8E45D3-D3C7-4307-BC7F-CCC409928B49}.Debug|Any CPU.ActiveCfg = Debug|Any CPU
		{3B8E45D3-D3C7-4307-BC7F-CCC409928B49}.Debug|Any CPU.Build.0 = Debug|Any CPU
		{3B8E45D3-D3C7-4307-BC7F-CCC409928B49}.Release|Any CPU.ActiveCfg = Release|Any CPU
		{3B8E45D3-D3C7-4307-BC7F-CCC409928B49}.Release|Any CPU.Build.0 = Release|Any CPU
	EndGlobalSection
	GlobalSection(SolutionProperties) = preSolution
		HideSolutionNode = FALSE
	EndGlobalSection
	GlobalSection(ExtensibilityGlobals) = postSolution
		SolutionGuid = {7EA55793-EDC5-473F-8104-91F4E2B749EF}
	EndGlobalSection
EndGlobal
